
Microsoft Visual Studio Solution File, Format Version 12.00
# Visual Studio Version 16
VisualStudioVersion = 16.0.30523.141
MinimumVisualStudioVersion = 10.0.40219.1
Project("{FAE04EC0-301F-11D3-BF4B-00C04F79EFBC}") = "InClassAssignment", "InClassAssignment\InClassAssignment.csproj", "{814B5766-C23B-4B52-9807-BD480E4288E5}"
EndProject
Global
	GlobalSection(SolutionConfigurationPlatforms) = preSolution
		Debug|Any CPU = Debug|Any CPU
		Release|Any CPU = Release|Any CPU
	EndGlobalSection
	GlobalSection(ProjectConfigurationPlatforms) = postSolution
		{814B5766-C23B-4B52-9807-BD480E4288E5}.Debug|Any CPU.ActiveCfg = Debug|Any CPU
		{814B5766-C23B-4B52-9807-BD480E4288E5}.Debug|Any CPU.Build.0 = Debug|Any CPU
		{814B5766-C23B-4B52-9807-BD480E4288E5}.Release|Any CPU.ActiveCfg = Release|Any CPU
		{814B5766-C23B-4B52-9807-BD480E4288E5}.Release|Any CPU.Build.0 = Release|Any CPU
	EndGlobalSection
	GlobalSection(SolutionProperties) = preSolution
		HideSolutionNode = FALSE
	EndGlobalSection
	GlobalSection(ExtensibilityGlobals) = postSolution
		SolutionGuid = {9A685D22-55DC-4355-B0E4-4C098976F32C}
	EndGlobalSection
EndGlobal
